// !$*UTF8*$!
{
	archiveVersion = 1;
	classes = {
	};
	objectVersion = 50;
	objects = {

/* Begin PBXBuildFile section */
		15000FFA21480B7E0056A923 /* AppDelegate.swift in Sources */ = {isa = PBXBuildFile; fileRef = 15000FF921480B7E0056A923 /* AppDelegate.swift */; };
		15000FFC21480B7E0056A923 /* ViewController.swift in Sources */ = {isa = PBXBuildFile; fileRef = 15000FFB21480B7E0056A923 /* ViewController.swift */; };
		15000FFF21480B7E0056A923 /* Main.storyboard in Resources */ = {isa = PBXBuildFile; fileRef = 15000FFD21480B7E0056A923 /* Main.storyboard */; };
		1500100121480B7F0056A923 /* Assets.xcassets in Resources */ = {isa = PBXBuildFile; fileRef = 1500100021480B7F0056A923 /* Assets.xcassets */; };
		1500100421480B7F0056A923 /* LaunchScreen.storyboard in Resources */ = {isa = PBXBuildFile; fileRef = 1500100221480B7F0056A923 /* LaunchScreen.storyboard */; };
		1500100F21480B7F0056A923 /* UITextFieldTests.swift in Sources */ = {isa = PBXBuildFile; fileRef = 1500100E21480B7F0056A923 /* UITextFieldTests.swift */; };
		1500101A21480B7F0056A923 /* UITextFieldUITests.swift in Sources */ = {isa = PBXBuildFile; fileRef = 1500101921480B7F0056A923 /* UITextFieldUITests.swift */; };
/* End PBXBuildFile section */

/* Begin PBXContainerItemProxy section */
		1500100B21480B7F0056A923 /* PBXContainerItemProxy */ = {
			isa = PBXContainerItemProxy;
			containerPortal = 15000FEE21480B7E0056A923 /* Project object */;
			proxyType = 1;
			remoteGlobalIDString = 15000FF521480B7E0056A923;
			remoteInfo = UITextField;
		};
		1500101621480B7F0056A923 /* PBXContainerItemProxy */ = {
			isa = PBXContainerItemProxy;
			containerPortal = 15000FEE21480B7E0056A923 /* Project object */;
			proxyType = 1;
			remoteGlobalIDString = 15000FF521480B7E0056A923;
			remoteInfo = UITextField;
		};
/* End PBXContainerItemProxy section */

/* Begin PBXFileReference section */
		15000FF621480B7E0056A923 /* UITextField.app */ = {isa = PBXFileReference; explicitFileType = wrapper.application; includeInIndex = 0; path = UITextField.app; sourceTree = BUILT_PRODUCTS_DIR; };
		15000FF921480B7E0056A923 /* AppDelegate.swift */ = {isa = PBXFileReference; lastKnownFileType = sourcecode.swift; path = AppDelegate.swift; sourceTree = "<group>"; };
		15000FFB21480B7E0056A923 /* ViewController.swift */ = {isa = PBXFileReference; lastKnownFileType = sourcecode.swift; path = ViewController.swift; sourceTree = "<group>"; };
		15000FFE21480B7E0056A923 /* Base */ = {isa = PBXFileReference; lastKnownFileType = file.storyboard; name = Base; path = Base.lproj/Main.storyboard; sourceTree = "<group>"; };
		1500100021480B7F0056A923 /* Assets.xcassets */ = {isa = PBXFileReference; lastKnownFileType = folder.assetcatalog; path = Assets.xcassets; sourceTree = "<group>"; };
		1500100321480B7F0056A923 /* Base */ = {isa = PBXFileReference; lastKnownFileType = file.storyboard; name = Base; path = Base.lproj/LaunchScreen.storyboard; sourceTree = "<group>"; };
		1500100521480B7F0056A923 /* Info.plist */ = {isa = PBXFileReference; lastKnownFileType = text.plist.xml; path = Info.plist; sourceTree = "<group>"; };
		1500100A21480B7F0056A923 /* UITextFieldTests.xctest */ = {isa = PBXFileReference; explicitFileType = wrapper.cfbundle; includeInIndex = 0; path = UITextFieldTests.xctest; sourceTree = BUILT_PRODUCTS_DIR; };
		1500100E21480B7F0056A923 /* UITextFieldTests.swift */ = {isa = PBXFileReference; lastKnownFileType = sourcecode.swift; path = UITextFieldTests.swift; sourceTree = "<group>"; };
		1500101021480B7F0056A923 /* Info.plist */ = {isa = PBXFileReference; lastKnownFileType = text.plist.xml; path = Info.plist; sourceTree = "<group>"; };
		1500101521480B7F0056A923 /* UITextFieldUITests.xctest */ = {isa = PBXFileReference; explicitFileType = wrapper.cfbundle; includeInIndex = 0; path = UITextFieldUITests.xctest; sourceTree = BUILT_PRODUCTS_DIR; };
		1500101921480B7F0056A923 /* UITextFieldUITests.swift */ = {isa = PBXFileReference; lastKnownFileType = sourcecode.swift; path = UITextFieldUITests.swift; sourceTree = "<group>"; };
		1500101B21480B7F0056A923 /* Info.plist */ = {isa = PBXFileReference; lastKnownFileType = text.plist.xml; path = Info.plist; sourceTree = "<group>"; };
/* End PBXFileReference section */

/* Begin PBXFrameworksBuildPhase section */
		15000FF321480B7E0056A923 /* Frameworks */ = {
			isa = PBXFrameworksBuildPhase;
			buildActionMask = 2147483647;
			files = (
			);
			runOnlyForDeploymentPostprocessing = 0;
		};
		1500100721480B7F0056A923 /* Frameworks */ = {
			isa = PBXFrameworksBuildPhase;
			buildActionMask = 2147483647;
			files = (
			);
			runOnlyForDeploymentPostprocessing = 0;
		};
		1500101221480B7F0056A923 /* Frameworks */ = {
			isa = PBXFrameworksBuildPhase;
			buildActionMask = 2147483647;
			files = (
			);
			runOnlyForDeploymentPostprocessing = 0;
		};
/* End PBXFrameworksBuildPhase section */

/* Begin PBXGroup section */
		15000FED21480B7E0056A923 = {
			isa = PBXGroup;
			children = (
				15000FF821480B7E0056A923 /* UITextField */,
				1500100D21480B7F0056A923 /* UITextFieldTests */,
				1500101821480B7F0056A923 /* UITextFieldUITests */,
				15000FF721480B7E0056A923 /* Products */,
			);
			sourceTree = "<group>";
		};
		15000FF721480B7E0056A923 /* Products */ = {
			isa = PBXGroup;
			children = (
				15000FF621480B7E0056A923 /* UITextField.app */,
				1500100A21480B7F0056A923 /* UITextFieldTests.xctest */,
				1500101521480B7F0056A923 /* UITextFieldUITests.xctest */,
			);
			name = Products;
			sourceTree = "<group>";
		};
		15000FF821480B7E0056A923 /* UITextField */ = {
			isa = PBXGroup;
			children = (
				15000FF921480B7E0056A923 /* AppDelegate.swift */,
				15000FFB21480B7E0056A923 /* ViewController.swift */,
				15000FFD21480B7E0056A923 /* Main.storyboard */,
				1500100021480B7F0056A923 /* Assets.xcassets */,
				1500100221480B7F0056A923 /* LaunchScreen.storyboard */,
				1500100521480B7F0056A923 /* Info.plist */,
			);
			path = UITextField;
			sourceTree = "<group>";
		};
		1500100D21480B7F0056A923 /* UITextFieldTests */ = {
			isa = PBXGroup;
			children = (
				1500100E21480B7F0056A923 /* UITextFieldTests.swift */,
				1500101021480B7F0056A923 /* Info.plist */,
			);
			path = UITextFieldTests;
			sourceTree = "<group>";
		};
		1500101821480B7F0056A923 /* UITextFieldUITests */ = {
			isa = PBXGroup;
			children = (
				1500101921480B7F0056A923 /* UITextFieldUITests.swift */,
				1500101B21480B7F0056A923 /* Info.plist */,
			);
			path = UITextFieldUITests;
			sourceTree = "<group>";
		};
/* End PBXGroup section */

/* Begin PBXNativeTarget section */
		15000FF521480B7E0056A923 /* UITextField */ = {
			isa = PBXNativeTarget;
			buildConfigurationList = 1500101E21480B7F0056A923 /* Build configuration list for PBXNativeTarget "UITextField" */;
			buildPhases = (
				15000FF221480B7E0056A923 /* Sources */,
				15000FF321480B7E0056A923 /* Frameworks */,
				15000FF421480B7E0056A923 /* Resources */,
			);
			buildRules = (
			);
			dependencies = (
			);
			name = UITextField;
			productName = UITextField;
			productReference = 15000FF621480B7E0056A923 /* UITextField.app */;
			productType = "com.apple.product-type.application";
		};
		1500100921480B7F0056A923 /* UITextFieldTests */ = {
			isa = PBXNativeTarget;
			buildConfigurationList = 1500102121480B7F0056A923 /* Build configuration list for PBXNativeTarget "UITextFieldTests" */;
			buildPhases = (
				1500100621480B7F0056A923 /* Sources */,
				1500100721480B7F0056A923 /* Frameworks */,
				1500100821480B7F0056A923 /* Resources */,
			);
			buildRules = (
			);
			dependencies = (
				1500100C21480B7F0056A923 /* PBXTargetDependency */,
			);
			name = UITextFieldTests;
			productName = UITextFieldTests;
			productReference = 1500100A21480B7F0056A923 /* UITextFieldTests.xctest */;
			productType = "com.apple.product-type.bundle.unit-test";
		};
		1500101421480B7F0056A923 /* UITextFieldUITests */ = {
			isa = PBXNativeTarget;
			buildConfigurationList = 1500102421480B7F0056A923 /* Build configuration list for PBXNativeTarget "UITextFieldUITests" */;
			buildPhases = (
				1500101121480B7F0056A923 /* Sources */,
				1500101221480B7F0056A923 /* Frameworks */,
				1500101321480B7F0056A923 /* Resources */,
			);
			buildRules = (
			);
			dependencies = (
				1500101721480B7F0056A923 /* PBXTargetDependency */,
			);
			name = UITextFieldUITests;
			productName = UITextFieldUITests;
			productReference = 1500101521480B7F0056A923 /* UITextFieldUITests.xctest */;
			productType = "com.apple.product-type.bundle.ui-testing";
		};
/* End PBXNativeTarget section */

/* Begin PBXProject section */
		15000FEE21480B7E0056A923 /* Project object */ = {
			isa = PBXProject;
			attributes = {
				LastSwiftUpdateCheck = 0940;
				LastUpgradeCheck = 0940;
				ORGANIZATIONNAME = "李维强";
				TargetAttributes = {
					15000FF521480B7E0056A923 = {
						CreatedOnToolsVersion = 9.4.1;
					};
					1500100921480B7F0056A923 = {
						CreatedOnToolsVersion = 9.4.1;
						TestTargetID = 15000FF521480B7E0056A923;
					};
					1500101421480B7F0056A923 = {
						CreatedOnToolsVersion = 9.4.1;
						TestTargetID = 15000FF521480B7E0056A923;
					};
				};
			};
			buildConfigurationList = 15000FF121480B7E0056A923 /* Build configuration list for PBXProject "UITextField" */;
			compatibilityVersion = "Xcode 9.3";
			developmentRegion = en;
			hasScannedForEncodings = 0;
			knownRegions = (
				en,
				Base,
			);
			mainGroup = 15000FED21480B7E0056A923;
			productRefGroup = 15000FF721480B7E0056A923 /* Products */;
			projectDirPath = "";
			projectRoot = "";
			targets = (
				15000FF521480B7E0056A923 /* UITextField */,
				1500100921480B7F0056A923 /* UITextFieldTests */,
				1500101421480B7F0056A923 /* UITextFieldUITests */,
			);
		};
/* End PBXProject section */

/* Begin PBXResourcesBuildPhase section */
		15000FF421480B7E0056A923 /* Resources */ = {
			isa = PBXResourcesBuildPhase;
			buildActionMask = 2147483647;
			files = (
				1500100421480B7F0056A923 /* LaunchScreen.storyboard in Resources */,
				1500100121480B7F0056A923 /* Assets.xcassets in Resources */,
				15000FFF21480B7E0056A923 /* Main.storyboard in Resources */,
			);
			runOnlyForDeploymentPostprocessing = 0;
		};
		1500100821480B7F0056A923 /* Resources */ = {
			isa = PBXResourcesBuildPhase;
			buildActionMask = 2147483647;
			files = (
			);
			runOnlyForDeploymentPostprocessing = 0;
		};
		1500101321480B7F0056A923 /* Resources */ = {
			isa = PBXResourcesBuildPhase;
			buildActionMask = 2147483647;
			files = (
			);
			runOnlyForDeploymentPostprocessing = 0;
		};
/* End PBXResourcesBuildPhase section */

/* Begin PBXSourcesBuildPhase section */
		15000FF221480B7E0056A923 /* Sources */ = {
			isa = PBXSourcesBuildPhase;
			buildActionMask = 2147483647;
			files = (
				15000FFC21480B7E0056A923 /* ViewController.swift in Sources */,
				15000FFA21480B7E0056A923 /* AppDelegate.swift in Sources */,
			);
			runOnlyForDeploymentPostprocessing = 0;
		};
		1500100621480B7F0056A923 /* Sources */ = {
			isa = PBXSourcesBuildPhase;
			buildActionMask = 2147483647;
			files = (
				1500100F21480B7F0056A923 /* UITextFieldTests.swift in Sources */,
			);
			runOnlyForDeploymentPostprocessing = 0;
		};
		1500101121480B7F0056A923 /* Sources */ = {
			isa = PBXSourcesBuildPhase;
			buildActionMask = 2147483647;
			files = (
				1500101A21480B7F0056A923 /* UITextFieldUITests.swift in Sources */,
			);
			runOnlyForDeploymentPostprocessing = 0;
		};
/* End PBXSourcesBuildPhase section */

/* Begin PBXTargetDependency section */
		1500100C21480B7F0056A923 /* PBXTargetDependency */ = {
			isa = PBXTargetDependency;
			target = 15000FF521480B7E0056A923 /* UITextField */;
			targetProxy = 1500100B21480B7F0056A923 /* PBXContainerItemProxy */;
		};
		1500101721480B7F0056A923 /* PBXTargetDependency */ = {
			isa = PBXTargetDependency;
			target = 15000FF521480B7E0056A923 /* UITextField */;
			targetProxy = 1500101621480B7F0056A923 /* PBXContainerItemProxy */;
		};
/* End PBXTargetDependency section */

/* Begin PBXVariantGroup section */
		15000FFD21480B7E0056A923 /* Main.storyboard */ = {
			isa = PBXVariantGroup;
			children = (
				15000FFE21480B7E0056A923 /* Base */,
			);
			name = Main.storyboard;
			sourceTree = "<group>";
		};
		1500100221480B7F0056A923 /* LaunchScreen.storyboard */ = {
			isa = PBXVariantGroup;
			children = (
				1500100321480B7F0056A923 /* Base */,
			);
			name = LaunchScreen.storyboard;
			sourceTree = "<group>";
		};
/* End PBXVariantGroup section */

/* Begin XCBuildConfiguration section */
		1500101C21480B7F0056A923 /* Debug */ = {
			isa = XCBuildConfiguration;
			buildSettings = {
				ALWAYS_SEARCH_USER_PATHS = NO;
				CLANG_ANALYZER_NONNULL = YES;
				CLANG_ANALYZER_NUMBER_OBJECT_CONVERSION = YES_AGGRESSIVE;
				CLANG_CXX_LANGUAGE_STANDARD = "gnu++14";
				CLANG_CXX_LIBRARY = "libc++";
				CLANG_ENABLE_MODULES = YES;
				CLANG_ENABLE_OBJC_ARC = YES;
				CLANG_ENABLE_OBJC_WEAK = YES;
				CLANG_WARN_BLOCK_CAPTURE_AUTORELEASING = YES;
				CLANG_WARN_BOOL_CONVERSION = YES;
				CLANG_WARN_COMMA = YES;
				CLANG_WARN_CONSTANT_CONVERSION = YES;
				CLANG_WARN_DEPRECATED_OBJC_IMPLEMENTATIONS = YES;
				CLANG_WARN_DIRECT_OBJC_ISA_USAGE = YES_ERROR;
				CLANG_WARN_DOCUMENTATION_COMMENTS = YES;
				CLANG_WARN_EMPTY_BODY = YES;
				CLANG_WARN_ENUM_CONVERSION = YES;
				CLANG_WARN_INFINITE_RECURSION = YES;
				CLANG_WARN_INT_CONVERSION = YES;
				CLANG_WARN_NON_LITERAL_NULL_CONVERSION = YES;
				CLANG_WARN_OBJC_IMPLICIT_RETAIN_SELF = YES;
				CLANG_WARN_OBJC_LITERAL_CONVERSION = YES;
				CLANG_WARN_OBJC_ROOT_CLASS = YES_ERROR;
				CLANG_WARN_RANGE_LOOP_ANALYSIS = YES;
				CLANG_WARN_STRICT_PROTOTYPES = YES;
				CLANG_WARN_SUSPICIOUS_MOVE = YES;
				CLANG_WARN_UNGUARDED_AVAILABILITY = YES_AGGRESSIVE;
				CLANG_WARN_UNREACHABLE_CODE = YES;
				CLANG_WARN__DUPLICATE_METHOD_MATCH = YES;
				CODE_SIGN_IDENTITY = "iPhone Developer";
				COPY_PHASE_STRIP = NO;
				DEBUG_INFORMATION_FORMAT = dwarf;
				ENABLE_STRICT_OBJC_MSGSEND = YES;
				ENABLE_TESTABILITY = YES;
				GCC_C_LANGUAGE_STANDARD = gnu11;
				GCC_DYNAMIC_NO_PIC = NO;
				GCC_NO_COMMON_BLOCKS = YES;
				GCC_OPTIMIZATION_LEVEL = 0;
				GCC_PREPROCESSOR_DEFINITIONS = (
					"DEBUG=1",
					"$(inherited)",
				);
				GCC_WARN_64_TO_32_BIT_CONVERSION = YES;
				GCC_WARN_ABOUT_RETURN_TYPE = YES_ERROR;
				GCC_WARN_UNDECLARED_SELECTOR = YES;
				GCC_WARN_UNINITIALIZED_AUTOS = YES_AGGRESSIVE;
				GCC_WARN_UNUSED_FUNCTION = YES;
				GCC_WARN_UNUSED_VARIABLE = YES;
				IPHONEOS_DEPLOYMENT_TARGET = 11.4;
				MTL_ENABLE_DEBUG_INFO = YES;
				ONLY_ACTIVE_ARCH = YES;
				SDKROOT = iphoneos;
				SWIFT_ACTIVE_COMPILATION_CONDITIONS = DEBUG;
				SWIFT_OPTIMIZATION_LEVEL = "-Onone";
			};
			name = Debug;
		};
		1500101D21480B7F0056A923 /* Release */ = {
			isa = XCBuildConfiguration;
			buildSettings = {
				ALWAYS_SEARCH_USER_PATHS = NO;
				CLANG_ANALYZER_NONNULL = YES;
				CLANG_ANALYZER_NUMBER_OBJECT_CONVERSION = YES_AGGRESSIVE;
				CLANG_CXX_LANGUAGE_STANDARD = "gnu++14";
				CLANG_CXX_LIBRARY = "libc++";
				CLANG_ENABLE_MODULES = YES;
				CLANG_ENABLE_OBJC_ARC = YES;
				CLANG_ENABLE_OBJC_WEAK = YES;
				CLANG_WARN_BLOCK_CAPTURE_AUTORELEASING = YES;
				CLANG_WARN_BOOL_CONVERSION = YES;
				CLANG_WARN_COMMA = YES;
				CLANG_WARN_CONSTANT_CONVERSION = YES;
				CLANG_WARN_DEPRECATED_OBJC_IMPLEMENTATIONS = YES;
				CLANG_WARN_DIRECT_OBJC_ISA_USAGE = YES_ERROR;
				CLANG_WARN_DOCUMENTATION_COMMENTS = YES;
				CLANG_WARN_EMPTY_BODY = YES;
				CLANG_WARN_ENUM_CONVERSION = YES;
				CLANG_WARN_INFINITE_RECURSION = YES;
				CLANG_WARN_INT_CONVERSION = YES;
				CLANG_WARN_NON_LITERAL_NULL_CONVERSION = YES;
				CLANG_WARN_OBJC_IMPLICIT_RETAIN_SELF = YES;
				CLANG_WARN_OBJC_LITERAL_CONVERSION = YES;
				CLANG_WARN_OBJC_ROOT_CLASS = YES_ERROR;
				CLANG_WARN_RANGE_LOOP_ANALYSIS = YES;
				CLANG_WARN_STRICT_PROTOTYPES = YES;
				CLANG_WARN_SUSPICIOUS_MOVE = YES;
				CLANG_WARN_UNGUARDED_AVAILABILITY = YES_AGGRESSIVE;
				CLANG_WARN_UNREACHABLE_CODE = YES;
				CLANG_WARN__DUPLICATE_METHOD_MATCH = YES;
				CODE_SIGN_IDENTITY = "iPhone Developer";
				COPY_PHASE_STRIP = NO;
				DEBUG_INFORMATION_FORMAT = "dwarf-with-dsym";
				ENABLE_NS_ASSERTIONS = NO;
				ENABLE_STRICT_OBJC_MSGSEND = YES;
				GCC_C_LANGUAGE_STANDARD = gnu11;
				GCC_NO_COMMON_BLOCKS = YES;
				GCC_WARN_64_TO_32_BIT_CONVERSION = YES;
				GCC_WARN_ABOUT_RETURN_TYPE = YES_ERROR;
				GCC_WARN_UNDECLARED_SELECTOR = YES;
				GCC_WARN_UNINITIALIZED_AUTOS = YES_AGGRESSIVE;
				GCC_WARN_UNUSED_FUNCTION = YES;
				GCC_WARN_UNUSED_VARIABLE = YES;
				IPHONEOS_DEPLOYMENT_TARGET = 11.4;
				MTL_ENABLE_DEBUG_INFO = NO;
				SDKROOT = iphoneos;
				SWIFT_COMPILATION_MODE = wholemodule;
				SWIFT_OPTIMIZATION_LEVEL = "-O";
				VALIDATE_PRODUCT = YES;
			};
			name = Release;
		};
		1500101F21480B7F0056A923 /* Debug */ = {
			isa = XCBuildConfiguration;
			buildSettings = {
				ASSETCATALOG_COMPILER_APPICON_NAME = AppIcon;
				CODE_SIGN_STYLE = Automatic;
				DEVELOPMENT_TEAM = A37HB6598M;
				INFOPLIST_FILE = UITextField/Info.plist;
				LD_RUNPATH_SEARCH_PATHS = (
					"$(inherited)",
					"@executable_path/Frameworks",
				);
				PRODUCT_BUNDLE_IDENTIFIER = com.decnt.UITextField;
				PRODUCT_NAME = "$(TARGET_NAME)";
				SWIFT_VERSION = 4.0;
				TARGETED_DEVICE_FAMILY = "1,2";
			};
			name = Debug;
		};
		1500102021480B7F0056A923 /* Release */ = {
			isa = XCBuildConfiguration;
			buildSettings = {
				ASSETCATALOG_COMPILER_APPICON_NAME = AppIcon;
				CODE_SIGN_STYLE = Automatic;
				DEVELOPMENT_TEAM = A37HB6598M;
				INFOPLIST_FILE = UITextField/Info.plist;
				LD_RUNPATH_SEARCH_PATHS = (
					"$(inherited)",
					"@executable_path/Frameworks",
				);
				PRODUCT_BUNDLE_IDENTIFIER = com.decnt.UITextField;
				PRODUCT_NAME = "$(TARGET_NAME)";
				SWIFT_VERSION = 4.0;
				TARGETED_DEVICE_FAMILY = "1,2";
			};
			name = Release;
		};
		1500102221480B7F0056A923 /* Debug */ = {
			isa = XCBuildConfiguration;
			buildSettings = {
				ALWAYS_EMBED_SWIFT_STANDARD_LIBRARIES = YES;
				BUNDLE_LOADER = "$(TEST_HOST)";
				CODE_SIGN_STYLE = Automatic;
				DEVELOPMENT_TEAM = A37HB6598M;
				INFOPLIST_FILE = UITextFieldTests/Info.plist;
				LD_RUNPATH_SEARCH_PATHS = (
					"$(inherited)",
					"@executable_path/Frameworks",
					"@loader_path/Frameworks",
				);
				PRODUCT_BUNDLE_IDENTIFIER = com.decnt.UITextFieldTests;
				PRODUCT_NAME = "$(TARGET_NAME)";
				SWIFT_VERSION = 4.0;
				TARGETED_DEVICE_FAMILY = "1,2";
				TEST_HOST = "$(BUILT_PRODUCTS_DIR)/UITextField.app/UITextField";
			};
			name = Debug;
		};
		1500102321480B7F0056A923 /* Release */ = {
			isa = XCBuildConfiguration;
			buildSettings = {
				ALWAYS_EMBED_SWIFT_STANDARD_LIBRARIES = YES;
				BUNDLE_LOADER = "$(TEST_HOST)";
				CODE_SIGN_STYLE = Automatic;
				DEVELOPMENT_TEAM = A37HB6598M;
				INFOPLIST_FILE = UITextFieldTests/Info.plist;
				LD_RUNPATH_SEARCH_PATHS = (
					"$(inherited)",
					"@executable_path/Frameworks",
					"@loader_path/Frameworks",
				);
				PRODUCT_BUNDLE_IDENTIFIER = com.decnt.UITextFieldTests;
				PRODUCT_NAME = "$(TARGET_NAME)";
				SWIFT_VERSION = 4.0;
				TARGETED_DEVICE_FAMILY = "1,2";
				TEST_HOST = "$(BUILT_PRODUCTS_DIR)/UITextField.app/UITextField";
			};
			name = Release;
		};
		1500102521480B7F0056A923 /* Debug */ = {
			isa = XCBuildConfiguration;
			buildSettings = {
				ALWAYS_EMBED_SWIFT_STANDARD_LIBRARIES = YES;
				CODE_SIGN_STYLE = Automatic;
				DEVELOPMENT_TEAM = A37HB6598M;
				INFOPLIST_FILE = UITextFieldUITests/Info.plist;
				LD_RUNPATH_SEARCH_PATHS = (
					"$(inherited)",
					"@executable_path/Frameworks",
					"@loader_path/Frameworks",
				);
				PRODUCT_BUNDLE_IDENTIFIER = com.decnt.UITextFieldUITests;
				PRODUCT_NAME = "$(TARGET_NAME)";
				SWIFT_VERSION = 4.0;
				TARGETED_DEVICE_FAMILY = "1,2";
				TEST_TARGET_NAME = UITextField;
			};
			name = Debug;
		};
		1500102621480B7F0056A923 /* Release */ = {
			isa = XCBuildConfiguration;
			buildSettings = {
				ALWAYS_EMBED_SWIFT_STANDARD_LIBRARIES = YES;
				CODE_SIGN_STYLE = Automatic;
				DEVELOPMENT_TEAM = A37HB6598M;
				INFOPLIST_FILE = UITextFieldUITests/Info.plist;
				LD_RUNPATH_SEARCH_PATHS = (
					"$(inherited)",
					"@executable_path/Frameworks",
					"@loader_path/Frameworks",
				);
				PRODUCT_BUNDLE_IDENTIFIER = com.decnt.UITextFieldUITests;
				PRODUCT_NAME = "$(TARGET_NAME)";
				SWIFT_VERSION = 4.0;
				TARGETED_DEVICE_FAMILY = "1,2";
				TEST_TARGET_NAME = UITextField;
			};
			name = Release;
		};
/* End XCBuildConfiguration section */

/* Begin XCConfigurationList section */
		15000FF121480B7E0056A923 /* Build configuration list for PBXProject "UITextField" */ = {
			isa = XCConfigurationList;
			buildConfigurations = (
				1500101C21480B7F0056A923 /* Debug */,
				1500101D21480B7F0056A923 /* Release */,
			);
			defaultConfigurationIsVisible = 0;
			defaultConfigurationName = Release;
		};
		1500101E21480B7F0056A923 /* Build configuration list for PBXNativeTarget "UITextField" */ = {
			isa = XCConfigurationList;
			buildConfigurations = (
				1500101F21480B7F0056A923 /* Debug */,
				1500102021480B7F0056A923 /* Release */,
			);
			defaultConfigurationIsVisible = 0;
			defaultConfigurationName = Release;
		};
		1500102121480B7F0056A923 /* Build configuration list for PBXNativeTarget "UITextFieldTests" */ = {
			isa = XCConfigurationList;
			buildConfigurations = (
				1500102221480B7F0056A923 /* Debug */,
				1500102321480B7F0056A923 /* Release */,
			);
			defaultConfigurationIsVisible = 0;
			defaultConfigurationName = Release;
		};
		1500102421480B7F0056A923 /* Build configuration list for PBXNativeTarget "UITextFieldUITests" */ = {
			isa = XCConfigurationList;
			buildConfigurations = (
				1500102521480B7F0056A923 /* Debug */,
				1500102621480B7F0056A923 /* Release */,
			);
			defaultConfigurationIsVisible = 0;
			defaultConfigurationName = Release;
		};
/* End XCConfigurationList section */
	};
	rootObject = 15000FEE21480B7E0056A923 /* Project object */;
}
